golang.org/x/sync v0.3.0 h1:ftCYgMx6zT/asHUrPw8BLLscYtGznsLAnjq5RH9P66E=
golang.org/x/sync v0.3.0/go.mod h1:FU7BRWz2tNW+3quACPkgCx/L+uEAv1htQ0V83Z9Rj+Y=
honnef.co/go/netdb v0.0.0-20210921115105-e902e863d85d h1:yjDpoTxoYVpCt04OYp8zlZsKtrEOK1O4U7l2aWbn3D8=
honnef.co/go/netdb v0.0.0-20210921115105-e902e863d85d/go.mod h1:rbNo0ST5hSazCG4rGfpHrwnwvzP1QX62WbhzD+ghGzs=
